
Microsoft Visual Studio Solution File, Format Version 12.00
# Visual Studio Version 17
VisualStudioVersion = 17.5.002.0
MinimumVisualStudioVersion = 10.0.40219.1
Project("{9A19103F-16F7-4668-BE54-9A1E7A4F7556}") = "Projec06_StringMethods", "Projec06_StringMethods\Projec06_StringMethods.csproj", "{D0ED67B0-AEC4-4CCB-A351-153ED343080A}"
EndProject
Project("{9A19103F-16F7-4668-BE54-9A1E7A4F7556}") = "Project05_VariableSamples", "Project05_VariableSamples\Project05_VariableSamples.csproj", "{7774F3E2-3C0A-49B3-AFD4-224978B9CBFD}"
EndProject
Global
	GlobalSection(SolutionConfigurationPlatforms) = preSolution
		Debug|Any CPU = Debug|Any CPU
		Release|Any CPU = Release|Any CPU
	EndGlobalSection
	GlobalSection(ProjectConfigurationPlatforms) = postSolution
		{D0ED67B0-AEC4-4CCB-A351-153ED343080A}.Debug|Any CPU.ActiveCfg = Debug|Any CPU
		{D0ED67B0-AEC4-4CCB-A351-153ED343080A}.Debug|Any CPU.Build.0 = Debug|Any CPU
		{D0ED67B0-AEC4-4CCB-A351-153ED343080A}.Release|Any CPU.ActiveCfg = Release|Any CPU
		{D0ED67B0-AEC4-4CCB-A351-153ED343080A}.Release|Any CPU.Build.0 = Release|Any CPU
		{7774F3E2-3C0A-49B3-AFD4-224978B9CBFD}.Debug|Any CPU.ActiveCfg = Debug|Any CPU
		{7774F3E2-3C0A-49B3-AFD4-224978B9CBFD}.Debug|Any CPU.Build.0 = Debug|Any CPU
		{7774F3E2-3C0A-49B3-AFD4-224978B9CBFD}.Release|Any CPU.ActiveCfg = Release|Any CPU
		{7774F3E2-3C0A-49B3-AFD4-224978B9CBFD}.Release|Any CPU.Build.0 = Release|Any CPU
	EndGlobalSection
	GlobalSection(SolutionProperties) = preSolution
		HideSolutionNode = FALSE
	EndGlobalSection
	GlobalSection(ExtensibilityGlobals) = postSolution
		SolutionGuid = {023F7147-D82B-4E14-8727-517511B3C29B}
	EndGlobalSection
EndGlobal
