
Microsoft Visual Studio Solution File, Format Version 12.00
# Visual Studio Version 17
VisualStudioVersion = 17.5.002.0
MinimumVisualStudioVersion = 10.0.40219.1
Project("{9A19103F-16F7-4668-BE54-9A1E7A4F7556}") = "while", "while.csproj", "{B02EA1D4-23A6-4AF7-ADC1-CEC5C430F1AA}"
EndProject
Global
	GlobalSection(SolutionConfigurationPlatforms) = preSolution
		Debug|Any CPU = Debug|Any CPU
		Release|Any CPU = Release|Any CPU
	EndGlobalSection
	GlobalSection(ProjectConfigurationPlatforms) = postSolution
		{B02EA1D4-23A6-4AF7-ADC1-CEC5C430F1AA}.Debug|Any CPU.ActiveCfg = Debug|Any CPU
		{B02EA1D4-23A6-4AF7-ADC1-CEC5C430F1AA}.Debug|Any CPU.Build.0 = Debug|Any CPU
		{B02EA1D4-23A6-4AF7-ADC1-CEC5C430F1AA}.Release|Any CPU.ActiveCfg = Release|Any CPU
		{B02EA1D4-23A6-4AF7-ADC1-CEC5C430F1AA}.Release|Any CPU.Build.0 = Release|Any CPU
	EndGlobalSection
	GlobalSection(SolutionProperties) = preSolution
		HideSolutionNode = FALSE
	EndGlobalSection
	GlobalSection(ExtensibilityGlobals) = postSolution
		SolutionGuid = {182426E0-7EDF-4DCD-BF66-7B3E68371A6C}
	EndGlobalSection
EndGlobal
