
Microsoft Visual Studio Solution File, Format Version 12.00
# Visual Studio Version 17
VisualStudioVersion = 17.5.002.0
MinimumVisualStudioVersion = 10.0.40219.1
Project("{9A19103F-16F7-4668-BE54-9A1E7A4F7556}") = "HomeWork01", "HomeWork01\HomeWork01.csproj", "{1A1E6307-8B7D-4EBE-B2B8-4F4055A29DE9}"
EndProject
Project("{9A19103F-16F7-4668-BE54-9A1E7A4F7556}") = "HomeWork02", "HomeWork02\HomeWork02.csproj", "{087A09E8-4385-470D-9F7C-2A701AA2E895}"
EndProject
Project("{9A19103F-16F7-4668-BE54-9A1E7A4F7556}") = "HomeWork03", "HomeWork03\HomeWork03.csproj", "{FFD45C6C-FA41-4FAD-8D9C-91CFF24E51A6}"
EndProject
Project("{9A19103F-16F7-4668-BE54-9A1E7A4F7556}") = "HomeWork04", "HomeWork04\HomeWork04.csproj", "{A291F1F9-7AF3-4C42-9C1C-98CA147AC66D}"
EndProject
Project("{9A19103F-16F7-4668-BE54-9A1E7A4F7556}") = "HomeWork05", "HomeWork05\HomeWork05.csproj", "{C418100F-DB8C-4006-9D53-906027F33900}"
EndProject
Project("{9A19103F-16F7-4668-BE54-9A1E7A4F7556}") = "HomeWork06", "HomeWork06\HomeWork06.csproj", "{BBA5441C-D14E-4BD4-BC62-996B4DCF8DDD}"
EndProject
Project("{9A19103F-16F7-4668-BE54-9A1E7A4F7556}") = "HomeWork07", "HomeWork07\HomeWork07.csproj", "{62A2F6C9-4250-4160-998A-7536446EFDA0}"
EndProject
Project("{9A19103F-16F7-4668-BE54-9A1E7A4F7556}") = "HomeWork08", "HomeWork08\HomeWork08.csproj", "{6A7362AB-6A53-4DFC-9BF4-4ABEB3B0E164}"
EndProject
Project("{9A19103F-16F7-4668-BE54-9A1E7A4F7556}") = "HomeWork09", "HomeWork09\HomeWork09.csproj", "{A1805303-4C82-4D34-89F6-CEFD4277E685}"
EndProject
Project("{9A19103F-16F7-4668-BE54-9A1E7A4F7556}") = "HomeWork10", "HomeWork10\HomeWork10.csproj", "{36A448AD-D619-4D00-99D4-CF1B1DF74FD0}"
EndProject
Project("{9A19103F-16F7-4668-BE54-9A1E7A4F7556}") = "HomeWork11", "HomeWork11\HomeWork11.csproj", "{76001278-58D9-410B-8432-985F0F7E45B7}"
EndProject
Project("{9A19103F-16F7-4668-BE54-9A1E7A4F7556}") = "HomeWork12", "HomeWork12\HomeWork12.csproj", "{9845D9AF-B4FF-476A-828D-8B9200217FAF}"
EndProject
Project("{9A19103F-16F7-4668-BE54-9A1E7A4F7556}") = "HomeWork13", "HomeWork13\HomeWork13.csproj", "{C8B9582F-876A-4E13-B1B6-4A75349EB5AD}"
EndProject
Project("{9A19103F-16F7-4668-BE54-9A1E7A4F7556}") = "HomeWork14", "HomeWork14\HomeWork14.csproj", "{C6C8F00A-D9A4-4078-9BB7-B0B8DECAF4AB}"
EndProject
Project("{9A19103F-16F7-4668-BE54-9A1E7A4F7556}") = "HomeWork15", "HomeWork15\HomeWork15.csproj", "{C9C12B9F-0E6F-40C9-8793-C27C08123C8B}"
EndProject
Project("{9A19103F-16F7-4668-BE54-9A1E7A4F7556}") = "HomeWork16", "HomeWork16\HomeWork16.csproj", "{F7F1D166-3E22-40EE-9B62-C0461A5CAE94}"
EndProject
Project("{9A19103F-16F7-4668-BE54-9A1E7A4F7556}") = "HomeWork17", "HomeWork17\HomeWork17.csproj", "{33695B2B-1C8D-4F09-A2AE-439CE4A9D0AE}"
EndProject
Project("{9A19103F-16F7-4668-BE54-9A1E7A4F7556}") = "HomeWork18", "HomeWork18\HomeWork18.csproj", "{CD3093A1-0024-40D3-8D1C-05901A5038E2}"
EndProject
Global
	GlobalSection(SolutionConfigurationPlatforms) = preSolution
		Debug|Any CPU = Debug|Any CPU
		Release|Any CPU = Release|Any CPU
	EndGlobalSection
	GlobalSection(ProjectConfigurationPlatforms) = postSolution
		{1A1E6307-8B7D-4EBE-B2B8-4F4055A29DE9}.Debug|Any CPU.ActiveCfg = Debug|Any CPU
		{1A1E6307-8B7D-4EBE-B2B8-4F4055A29DE9}.Debug|Any CPU.Build.0 = Debug|Any CPU
		{1A1E6307-8B7D-4EBE-B2B8-4F4055A29DE9}.Release|Any CPU.ActiveCfg = Release|Any CPU
		{1A1E6307-8B7D-4EBE-B2B8-4F4055A29DE9}.Release|Any CPU.Build.0 = Release|Any CPU
		{087A09E8-4385-470D-9F7C-2A701AA2E895}.Debug|Any CPU.ActiveCfg = Debug|Any CPU
		{087A09E8-4385-470D-9F7C-2A701AA2E895}.Debug|Any CPU.Build.0 = Debug|Any CPU
		{087A09E8-4385-470D-9F7C-2A701AA2E895}.Release|Any CPU.ActiveCfg = Release|Any CPU
		{087A09E8-4385-470D-9F7C-2A701AA2E895}.Release|Any CPU.Build.0 = Release|Any CPU
		{FFD45C6C-FA41-4FAD-8D9C-91CFF24E51A6}.Debug|Any CPU.ActiveCfg = Debug|Any CPU
		{FFD45C6C-FA41-4FAD-8D9C-91CFF24E51A6}.Debug|Any CPU.Build.0 = Debug|Any CPU
		{FFD45C6C-FA41-4FAD-8D9C-91CFF24E51A6}.Release|Any CPU.ActiveCfg = Release|Any CPU
		{FFD45C6C-FA41-4FAD-8D9C-91CFF24E51A6}.Release|Any CPU.Build.0 = Release|Any CPU
		{A291F1F9-7AF3-4C42-9C1C-98CA147AC66D}.Debug|Any CPU.ActiveCfg = Debug|Any CPU
		{A291F1F9-7AF3-4C42-9C1C-98CA147AC66D}.Debug|Any CPU.Build.0 = Debug|Any CPU
		{A291F1F9-7AF3-4C42-9C1C-98CA147AC66D}.Release|Any CPU.ActiveCfg = Release|Any CPU
		{A291F1F9-7AF3-4C42-9C1C-98CA147AC66D}.Release|Any CPU.Build.0 = Release|Any CPU
		{C418100F-DB8C-4006-9D53-906027F33900}.Debug|Any CPU.ActiveCfg = Debug|Any CPU
		{C418100F-DB8C-4006-9D53-906027F33900}.Debug|Any CPU.Build.0 = Debug|Any CPU
		{C418100F-DB8C-4006-9D53-906027F33900}.Release|Any CPU.ActiveCfg = Release|Any CPU
		{C418100F-DB8C-4006-9D53-906027F33900}.Release|Any CPU.Build.0 = Release|Any CPU
		{BBA5441C-D14E-4BD4-BC62-996B4DCF8DDD}.Debug|Any CPU.ActiveCfg = Debug|Any CPU
		{BBA5441C-D14E-4BD4-BC62-996B4DCF8DDD}.Debug|Any CPU.Build.0 = Debug|Any CPU
		{BBA5441C-D14E-4BD4-BC62-996B4DCF8DDD}.Release|Any CPU.ActiveCfg = Release|Any CPU
		{BBA5441C-D14E-4BD4-BC62-996B4DCF8DDD}.Release|Any CPU.Build.0 = Release|Any CPU
		{62A2F6C9-4250-4160-998A-7536446EFDA0}.Debug|Any CPU.ActiveCfg = Debug|Any CPU
		{62A2F6C9-4250-4160-998A-7536446EFDA0}.Debug|Any CPU.Build.0 = Debug|Any CPU
		{62A2F6C9-4250-4160-998A-7536446EFDA0}.Release|Any CPU.ActiveCfg = Release|Any CPU
		{62A2F6C9-4250-4160-998A-7536446EFDA0}.Release|Any CPU.Build.0 = Release|Any CPU
		{6A7362AB-6A53-4DFC-9BF4-4ABEB3B0E164}.Debug|Any CPU.ActiveCfg = Debug|Any CPU
		{6A7362AB-6A53-4DFC-9BF4-4ABEB3B0E164}.Debug|Any CPU.Build.0 = Debug|Any CPU
		{6A7362AB-6A53-4DFC-9BF4-4ABEB3B0E164}.Release|Any CPU.ActiveCfg = Release|Any CPU
		{6A7362AB-6A53-4DFC-9BF4-4ABEB3B0E164}.Release|Any CPU.Build.0 = Release|Any CPU
		{A1805303-4C82-4D34-89F6-CEFD4277E685}.Debug|Any CPU.ActiveCfg = Debug|Any CPU
		{A1805303-4C82-4D34-89F6-CEFD4277E685}.Debug|Any CPU.Build.0 = Debug|Any CPU
		{A1805303-4C82-4D34-89F6-CEFD4277E685}.Release|Any CPU.ActiveCfg = Release|Any CPU
		{A1805303-4C82-4D34-89F6-CEFD4277E685}.Release|Any CPU.Build.0 = Release|Any CPU
		{36A448AD-D619-4D00-99D4-CF1B1DF74FD0}.Debug|Any CPU.ActiveCfg = Debug|Any CPU
		{36A448AD-D619-4D00-99D4-CF1B1DF74FD0}.Debug|Any CPU.Build.0 = Debug|Any CPU
		{36A448AD-D619-4D00-99D4-CF1B1DF74FD0}.Release|Any CPU.ActiveCfg = Release|Any CPU
		{36A448AD-D619-4D00-99D4-CF1B1DF74FD0}.Release|Any CPU.Build.0 = Release|Any CPU
		{76001278-58D9-410B-8432-985F0F7E45B7}.Debug|Any CPU.ActiveCfg = Debug|Any CPU
		{76001278-58D9-410B-8432-985F0F7E45B7}.Debug|Any CPU.Build.0 = Debug|Any CPU
		{76001278-58D9-410B-8432-985F0F7E45B7}.Release|Any CPU.ActiveCfg = Release|Any CPU
		{76001278-58D9-410B-8432-985F0F7E45B7}.Release|Any CPU.Build.0 = Release|Any CPU
		{9845D9AF-B4FF-476A-828D-8B9200217FAF}.Debug|Any CPU.ActiveCfg = Debug|Any CPU
		{9845D9AF-B4FF-476A-828D-8B9200217FAF}.Debug|Any CPU.Build.0 = Debug|Any CPU
		{9845D9AF-B4FF-476A-828D-8B9200217FAF}.Release|Any CPU.ActiveCfg = Release|Any CPU
		{9845D9AF-B4FF-476A-828D-8B9200217FAF}.Release|Any CPU.Build.0 = Release|Any CPU
		{C8B9582F-876A-4E13-B1B6-4A75349EB5AD}.Debug|Any CPU.ActiveCfg = Debug|Any CPU
		{C8B9582F-876A-4E13-B1B6-4A75349EB5AD}.Debug|Any CPU.Build.0 = Debug|Any CPU
		{C8B9582F-876A-4E13-B1B6-4A75349EB5AD}.Release|Any CPU.ActiveCfg = Release|Any CPU
		{C8B9582F-876A-4E13-B1B6-4A75349EB5AD}.Release|Any CPU.Build.0 = Release|Any CPU
		{C6C8F00A-D9A4-4078-9BB7-B0B8DECAF4AB}.Debug|Any CPU.ActiveCfg = Debug|Any CPU
		{C6C8F00A-D9A4-4078-9BB7-B0B8DECAF4AB}.Debug|Any CPU.Build.0 = Debug|Any CPU
		{C6C8F00A-D9A4-4078-9BB7-B0B8DECAF4AB}.Release|Any CPU.ActiveCfg = Release|Any CPU
		{C6C8F00A-D9A4-4078-9BB7-B0B8DECAF4AB}.Release|Any CPU.Build.0 = Release|Any CPU
		{C9C12B9F-0E6F-40C9-8793-C27C08123C8B}.Debug|Any CPU.ActiveCfg = Debug|Any CPU
		{C9C12B9F-0E6F-40C9-8793-C27C08123C8B}.Debug|Any CPU.Build.0 = Debug|Any CPU
		{C9C12B9F-0E6F-40C9-8793-C27C08123C8B}.Release|Any CPU.ActiveCfg = Release|Any CPU
		{C9C12B9F-0E6F-40C9-8793-C27C08123C8B}.Release|Any CPU.Build.0 = Release|Any CPU
		{F7F1D166-3E22-40EE-9B62-C0461A5CAE94}.Debug|Any CPU.ActiveCfg = Debug|Any CPU
		{F7F1D166-3E22-40EE-9B62-C0461A5CAE94}.Debug|Any CPU.Build.0 = Debug|Any CPU
		{F7F1D166-3E22-40EE-9B62-C0461A5CAE94}.Release|Any CPU.ActiveCfg = Release|Any CPU
		{F7F1D166-3E22-40EE-9B62-C0461A5CAE94}.Release|Any CPU.Build.0 = Release|Any CPU
		{33695B2B-1C8D-4F09-A2AE-439CE4A9D0AE}.Debug|Any CPU.ActiveCfg = Debug|Any CPU
		{33695B2B-1C8D-4F09-A2AE-439CE4A9D0AE}.Debug|Any CPU.Build.0 = Debug|Any CPU
		{33695B2B-1C8D-4F09-A2AE-439CE4A9D0AE}.Release|Any CPU.ActiveCfg = Release|Any CPU
		{33695B2B-1C8D-4F09-A2AE-439CE4A9D0AE}.Release|Any CPU.Build.0 = Release|Any CPU
		{CD3093A1-0024-40D3-8D1C-05901A5038E2}.Debug|Any CPU.ActiveCfg = Debug|Any CPU
		{CD3093A1-0024-40D3-8D1C-05901A5038E2}.Debug|Any CPU.Build.0 = Debug|Any CPU
		{CD3093A1-0024-40D3-8D1C-05901A5038E2}.Release|Any CPU.ActiveCfg = Release|Any CPU
		{CD3093A1-0024-40D3-8D1C-05901A5038E2}.Release|Any CPU.Build.0 = Release|Any CPU
	EndGlobalSection
	GlobalSection(SolutionProperties) = preSolution
		HideSolutionNode = FALSE
	EndGlobalSection
	GlobalSection(ExtensibilityGlobals) = postSolution
		SolutionGuid = {33A9448C-388B-4938-A390-B56114E81FEF}
	EndGlobalSection
EndGlobal
